// !$*UTF8*$!
{
	archiveVersion = 1;
	classes = {
	};
	objectVersion = 56;
	objects = {

/* Begin PBXBuildFile section */
		AA000001 /* AppDelegate.swift in Sources */ = {isa = PBXBuildFile; fileRef = AA100001 /* AppDelegate.swift */; };
		AA000002 /* GameViewController.swift in Sources */ = {isa = PBXBuildFile; fileRef = AA100002 /* GameViewController.swift */; };
		AA000003 /* ProgressManager.swift in Sources */ = {isa = PBXBuildFile; fileRef = AA100003 /* ProgressManager.swift */; };
		AA000004 /* SceneManager.swift in Sources */ = {isa = PBXBuildFile; fileRef = AA100004 /* SceneManager.swift */; };
		AA000005 /* Planet.swift in Sources */ = {isa = PBXBuildFile; fileRef = AA100005 /* Planet.swift */; };
		AA000006 /* MathQuestion.swift in Sources */ = {isa = PBXBuildFile; fileRef = AA100006 /* MathQuestion.swift */; };
		AA000007 /* MenuScene.swift in Sources */ = {isa = PBXBuildFile; fileRef = AA100007 /* MenuScene.swift */; };
		AA000008 /* MapScene.swift in Sources */ = {isa = PBXBuildFile; fileRef = AA100008 /* MapScene.swift */; };
		AA000009 /* BattleScene.swift in Sources */ = {isa = PBXBuildFile; fileRef = AA100009 /* BattleScene.swift */; };
		AA000010 /* RewardScene.swift in Sources */ = {isa = PBXBuildFile; fileRef = AA100010 /* RewardScene.swift */; };
		AA000011 /* DialogSystem.swift in Sources */ = {isa = PBXBuildFile; fileRef = AA100011 /* DialogSystem.swift */; };
		AA000012 /* UIColor+Hex.swift in Sources */ = {isa = PBXBuildFile; fileRef = AA100012 /* UIColor+Hex.swift */; };
		AA000013 /* HubScene.swift in Sources */ = {isa = PBXBuildFile; fileRef = AA100013 /* HubScene.swift */; };
		AA000014 /* GameOverScene.swift in Sources */ = {isa = PBXBuildFile; fileRef = AA100014 /* GameOverScene.swift */; };
		AA000015 /* SoundManager.swift in Sources */ = {isa = PBXBuildFile; fileRef = AA100015 /* SoundManager.swift */; };
/* End PBXBuildFile section */

/* Begin PBXFileReference section */
		AA100001 /* AppDelegate.swift */ = {isa = PBXFileReference; lastKnownFileType = sourcecode.swift; path = AppDelegate.swift; sourceTree = "<group>"; };
		AA100002 /* GameViewController.swift */ = {isa = PBXFileReference; lastKnownFileType = sourcecode.swift; path = GameViewController.swift; sourceTree = "<group>"; };
		AA100003 /* ProgressManager.swift */ = {isa = PBXFileReference; lastKnownFileType = sourcecode.swift; path = ProgressManager.swift; sourceTree = "<group>"; };
		AA100004 /* SceneManager.swift */ = {isa = PBXFileReference; lastKnownFileType = sourcecode.swift; path = SceneManager.swift; sourceTree = "<group>"; };
		AA100005 /* Planet.swift */ = {isa = PBXFileReference; lastKnownFileType = sourcecode.swift; path = Planet.swift; sourceTree = "<group>"; };
		AA100006 /* MathQuestion.swift */ = {isa = PBXFileReference; lastKnownFileType = sourcecode.swift; path = MathQuestion.swift; sourceTree = "<group>"; };
		AA100007 /* MenuScene.swift */ = {isa = PBXFileReference; lastKnownFileType = sourcecode.swift; path = MenuScene.swift; sourceTree = "<group>"; };
		AA100008 /* MapScene.swift */ = {isa = PBXFileReference; lastKnownFileType = sourcecode.swift; path = MapScene.swift; sourceTree = "<group>"; };
		AA100009 /* BattleScene.swift */ = {isa = PBXFileReference; lastKnownFileType = sourcecode.swift; path = BattleScene.swift; sourceTree = "<group>"; };
		AA100010 /* RewardScene.swift */ = {isa = PBXFileReference; lastKnownFileType = sourcecode.swift; path = RewardScene.swift; sourceTree = "<group>"; };
		AA100011 /* DialogSystem.swift */ = {isa = PBXFileReference; lastKnownFileType = sourcecode.swift; path = DialogSystem.swift; sourceTree = "<group>"; };
		AA100012 /* UIColor+Hex.swift */ = {isa = PBXFileReference; lastKnownFileType = sourcecode.swift; path = "UIColor+Hex.swift"; sourceTree = "<group>"; };
		AA100013 /* HubScene.swift */ = {isa = PBXFileReference; lastKnownFileType = sourcecode.swift; path = HubScene.swift; sourceTree = "<group>"; };
		AA100014 /* GameOverScene.swift */ = {isa = PBXFileReference; lastKnownFileType = sourcecode.swift; path = GameOverScene.swift; sourceTree = "<group>"; };
		AA100015 /* SoundManager.swift */ = {isa = PBXFileReference; lastKnownFileType = sourcecode.swift; path = SoundManager.swift; sourceTree = "<group>"; };
		AAPROD001 /* Mathonauten.app */ = {isa = PBXFileReference; explicitFileType = wrapper.application; includeInIndex = 0; path = Mathonauten.app; sourceTree = BUILT_PRODUCTS_DIR; };
/* End PBXFileReference section */

/* Begin PBXGroup section */
		AAGRP000 /* / */ = {
			isa = PBXGroup;
			children = (
				AAGRP001 /* Mathonauten */,
				AAGRP999 /* Products */,
			);
			sourceTree = "<group>";
		};
		AAGRP001 /* Mathonauten */ = {
			isa = PBXGroup;
			children = (
				AAGRP002 /* App */,
				AAGRP003 /* Scenes */,
				AAGRP004 /* Systems */,
				AAGRP005 /* Models */,
				AAGRP006 /* Shared */,
				AA100014 /* GameOverScene.swift */,
				AA100015 /* SoundManager.swift */,
			);
			path = Mathonauten;
			sourceTree = "<group>";
		};
		AAGRP002 /* App */ = {
			isa = PBXGroup;
			children = (
				AA100001 /* AppDelegate.swift */,
				AA100002 /* GameViewController.swift */,
			);
			path = "Sources/App";
			sourceTree = "<group>";
		};
		AAGRP003 /* Scenes */ = {
			isa = PBXGroup;
			children = (
				AA100007 /* MenuScene.swift */,
				AA100008 /* MapScene.swift */,
				AA100009 /* BattleScene.swift */,
				AA100010 /* RewardScene.swift */,
				AA100013 /* HubScene.swift */,
			);
			path = "Sources/Scenes";
			sourceTree = "<group>";
		};
		AAGRP004 /* Systems */ = {
			isa = PBXGroup;
			children = (
				AA100003 /* ProgressManager.swift */,
				AA100004 /* SceneManager.swift */,
				AA100011 /* DialogSystem.swift */,
			);
			path = "Sources/Systems";
			sourceTree = "<group>";
		};
		AAGRP005 /* Models */ = {
			isa = PBXGroup;
			children = (
				AA100005 /* Planet.swift */,
				AA100006 /* MathQuestion.swift */,
			);
			path = "Sources/Models";
			sourceTree = "<group>";
		};
		AAGRP006 /* Shared */ = {
			isa = PBXGroup;
			children = (
				AA100012 /* UIColor+Hex.swift */,
			);
			path = "Sources/Shared";
			sourceTree = "<group>";
		};
		AAGRP999 /* Products */ = {
			isa = PBXGroup;
			children = (
				AAPROD001 /* Mathonauten.app */,
			);
			name = Products;
			sourceTree = "<group>";
		};
/* End PBXGroup section */

/* Begin PBXNativeTarget section */
		AATARGET1 /* Mathonauten */ = {
			isa = PBXNativeTarget;
			buildConfigurationList = AABCL001 /* Build configuration list for PBXNativeTarget "Mathonauten" */;
			buildPhases = (
				AAPHASE01 /* Sources */,
				AAPHASE02 /* Frameworks */,
			);
			buildRules = (
			);
			dependencies = (
			);
			name = Mathonauten;
			productName = Mathonauten;
			productReference = AAPROD001 /* Mathonauten.app */;
			productType = "com.apple.product-type.application";
		};
/* End PBXNativeTarget section */

/* Begin PBXProject section */
		AAPROJECT1 /* Project object */ = {
			isa = PBXProject;
			attributes = {
				BuildIndependentTargetsInParallel = 1;
				LastSwiftUpdateCheck = 1500;
				LastUpgradeCheck = 1500;
				TargetAttributes = {
					AATARGET1 = {
						CreatedOnToolsVersion = 15.0;
					};
				};
			};
			buildConfigurationList = AABCL000 /* Build configuration list for PBXProject "Mathonauten" */;
			compatibilityVersion = "Xcode 14.0";
			developmentRegion = de;
			hasScannedForEncodings = 0;
			knownRegions = (
				de,
				Base,
			);
			mainGroup = AAGRP000;
			productRefGroup = AAGRP999 /* Products */;
			projectDirPath = "";
			projectRoot = "";
			targets = (
				AATARGET1 /* Mathonauten */,
			);
		};
/* End PBXProject section */

/* Begin PBXSourcesBuildPhase section */
		AAPHASE01 /* Sources */ = {
			isa = PBXSourcesBuildPhase;
			buildActionMask = 2147483647;
			files = (
				AA000001 /* AppDelegate.swift in Sources */,
				AA000002 /* GameViewController.swift in Sources */,
				AA000003 /* ProgressManager.swift in Sources */,
				AA000004 /* SceneManager.swift in Sources */,
				AA000005 /* Planet.swift in Sources */,
				AA000006 /* MathQuestion.swift in Sources */,
				AA000007 /* MenuScene.swift in Sources */,
				AA000008 /* MapScene.swift in Sources */,
				AA000009 /* BattleScene.swift in Sources */,
				AA000010 /* RewardScene.swift in Sources */,
				AA000011 /* DialogSystem.swift in Sources */,
				AA000012 /* UIColor+Hex.swift in Sources */,
				AA000013 /* HubScene.swift in Sources */,
				AA000014 /* GameOverScene.swift in Sources */,
				AA000015 /* SoundManager.swift in Sources */,
			);
			runOnlyForDeploymentPostprocessing = 0;
		};
		AAPHASE02 /* Frameworks */ = {
			isa = PBXFrameworksBuildPhase;
			buildActionMask = 2147483647;
			files = (
			);
			runOnlyForDeploymentPostprocessing = 0;
		};
/* End PBXSourcesBuildPhase section */

/* Begin XCBuildConfiguration section */
		AABCFG001 /* Debug */ = {
			isa = XCBuildConfiguration;
			buildSettings = {
				ALWAYS_SEARCH_USER_PATHS = NO;
				ASSETCATALOG_COMPILER_GENERATE_SWIFT_ASSET_SYMBOL_EXTENSIONS = YES;
				CLANG_ANALYZER_NONNULL = YES;
				CLANG_ANALYZER_NUMBER_OBJECT_CONVERSION = YES_AGGRESSIVE;
				CLANG_CXX_LANGUAGE_STANDARD = "gnu++20";
				CLANG_ENABLE_MODULES = YES;
				CLANG_ENABLE_OBJC_ARC = YES;
				CLANG_ENABLE_OBJC_WEAK = YES;
				CLANG_WARN_BLOCK_CAPTURE_AUTORELEASING = YES;
				CLANG_WARN_BOOL_CONVERSION = YES;
				CLANG_WARN_COMMA = YES;
				CLANG_WARN_CONSTANT_CONVERSION = YES;
				CLANG_WARN_DEPRECATED_OBJC_IMPLEMENTATIONS = YES;
				CLANG_WARN_DIRECT_OBJC_ISA_USAGE = YES_ERROR;
				CLANG_WARN_DOCUMENTATION_COMMENTS = YES;
				CLANG_WARN_EMPTY_BODY = YES;
				CLANG_WARN_ENUM_CONVERSION = YES;
				CLANG_WARN_INFINITE_LOOPS = YES;
				CLANG_WARN_INT_CONVERSION = YES;
				CLANG_WARN_NON_LITERAL_NULL_CONVERSION = YES;
				CLANG_WARN_OBJC_IMPLICIT_RETAIN_SELF = YES;
				CLANG_WARN_OBJC_LITERAL_CONVERSION = YES;
				CLANG_WARN_OBJC_ROOT_CLASS = YES_ERROR;
				CLANG_WARN_QUOTED_INCLUDE_IN_FRAMEWORK_HEADER = YES;
				CLANG_WARN_RANGE_LOOP_ANALYSIS = YES;
				CLANG_WARN_STRICT_PROTOTYPES = YES;
				CLANG_WARN_SUSPICIOUS_MOVE = YES;
				CLANG_WARN_UNGUARDED_AVAILABILITY = YES_AGGRESSIVE;
				CLANG_WARN_UNREACHABLE_CODE = YES;
				CLANG_WARN__DUPLICATE_METHOD_MATCH = YES;
				COPY_PHASE_STRIP = NO;
				DEBUG_INFORMATION_FORMAT = dwarf;
				ENABLE_STRICT_OBJC_MSGSEND = YES;
				ENABLE_TESTABILITY = YES;
				ENABLE_USER_SCRIPT_SANDBOXING = YES;
				GCC_C_LANGUAGE_STANDARD = gnu17;
				GCC_DYNAMIC_NO_PIC = NO;
				GCC_NO_COMMON_BLOCKS = YES;
				GCC_OPTIMIZATION_LEVEL = 0;
				GCC_PREPROCESSOR_DEFINITIONS = (
					"DEBUG=1",
					"$(inherited)",
				);
				GCC_WARN_64_TO_32_BIT_CONVERSION = YES;
				GCC_WARN_ABOUT_RETURN_TYPE = YES_ERROR;
				GCC_WARN_UNDECLARED_SELECTOR = YES;
				GCC_WARN_UNINITIALIZED_AUTOS = YES_AGGRESSIVE;
				GCC_WARN_UNUSED_FUNCTION = YES;
				GCC_WARN_UNUSED_VARIABLE = YES;
				IPHONEOS_DEPLOYMENT_TARGET = 16.0;
				LOCALIZATION_PREFERS_STRING_CATALOGS = YES;
				MTL_ENABLE_DEBUG_INFO = INCLUDE_SOURCE;
				MTL_FAST_MATH = YES;
				ONLY_ACTIVE_ARCH = YES;
				SDKROOT = iphoneos;
				SWIFT_ACTIVE_COMPILATION_CONDITIONS = "DEBUG $(inherited)";
				SWIFT_OPTIMIZATION_LEVEL = "-Onone";
			};
			name = Debug;
		};
		AABCFG002 /* Release */ = {
			isa = XCBuildConfiguration;
			buildSettings = {
				ALWAYS_SEARCH_USER_PATHS = NO;
				ASSETCATALOG_COMPILER_GENERATE_SWIFT_ASSET_SYMBOL_EXTENSIONS = YES;
				CLANG_ANALYZER_NONNULL = YES;
				CLANG_ANALYZER_NUMBER_OBJECT_CONVERSION = YES_AGGRESSIVE;
				CLANG_CXX_LANGUAGE_STANDARD = "gnu++20";
				CLANG_ENABLE_MODULES = YES;
				CLANG_ENABLE_OBJC_ARC = YES;
				CLANG_ENABLE_OBJC_WEAK = YES;
				COPY_PHASE_STRIP = NO;
				DEBUG_INFORMATION_FORMAT = "dwarf-with-dsym";
				ENABLE_NS_ASSERTIONS = NO;
				ENABLE_STRICT_OBJC_MSGSEND = YES;
				ENABLE_USER_SCRIPT_SANDBOXING = YES;
				GCC_C_LANGUAGE_STANDARD = gnu17;
				GCC_NO_COMMON_BLOCKS = YES;
				GCC_WARN_64_TO_32_BIT_CONVERSION = YES;
				GCC_WARN_ABOUT_RETURN_TYPE = YES_ERROR;
				GCC_WARN_UNDECLARED_SELECTOR = YES;
				GCC_WARN_UNINITIALIZED_AUTOS = YES_AGGRESSIVE;
				GCC_WARN_UNUSED_FUNCTION = YES;
				GCC_WARN_UNUSED_VARIABLE = YES;
				IPHONEOS_DEPLOYMENT_TARGET = 16.0;
				LOCALIZATION_PREFERS_STRING_CATALOGS = YES;
				MTL_FAST_MATH = YES;
				SDKROOT = iphoneos;
				SWIFT_COMPILATION_MODE = wholemodule;
			};
			name = Release;
		};
		AABCFG003 /* Debug - Target */ = {
			isa = XCBuildConfiguration;
			buildSettings = {
				ASSETCATALOG_COMPILER_APPICON_NAME = AppIcon;
				ASSETCATALOG_COMPILER_GLOBAL_ACCENT_COLOR_NAME = AccentColor;
				CODE_SIGN_STYLE = Automatic;
				CURRENT_PROJECT_VERSION = 1;
				GENERATE_INFOPLIST_FILE = YES;
				INFOPLIST_KEY_NSHumanReadableDescription = "Mathe-Abenteuer im Weltraum";
				INFOPLIST_KEY_UIApplicationSupportsIndirectInputEvents = YES;
				INFOPLIST_KEY_UILaunchScreen_Generation = YES;
				INFOPLIST_KEY_UISupportedInterfaceOrientations_iPad = "UIInterfaceOrientationPortrait UIInterfaceOrientationPortraitUpsideDown";
				INFOPLIST_KEY_UISupportedInterfaceOrientations_iPhone = "UIInterfaceOrientationPortrait";
				MARKETING_VERSION = 0.1;
				PRODUCT_BUNDLE_IDENTIFIER = com.mathonauten.app;
				PRODUCT_NAME = "$(TARGET_NAME)";
				SUPPORTED_PLATFORMS = "iphoneos iphonesimulator";
				SUPPORTS_MACCATALYST = YES;
				SWIFT_EMIT_LOC_STRINGS = YES;
				SWIFT_VERSION = 5.0;
				TARGETED_DEVICE_FAMILY = "1,2";
			};
			name = Debug;
		};
		AABCFG004 /* Release - Target */ = {
			isa = XCBuildConfiguration;
			buildSettings = {
				ASSETCATALOG_COMPILER_APPICON_NAME = AppIcon;
				ASSETCATALOG_COMPILER_GLOBAL_ACCENT_COLOR_NAME = AccentColor;
				CODE_SIGN_STYLE = Automatic;
				CURRENT_PROJECT_VERSION = 1;
				GENERATE_INFOPLIST_FILE = YES;
				INFOPLIST_KEY_NSHumanReadableDescription = "Mathe-Abenteuer im Weltraum";
				INFOPLIST_KEY_UIApplicationSupportsIndirectInputEvents = YES;
				INFOPLIST_KEY_UILaunchScreen_Generation = YES;
				INFOPLIST_KEY_UISupportedInterfaceOrientations_iPad = "UIInterfaceOrientationPortrait UIInterfaceOrientationPortraitUpsideDown";
				INFOPLIST_KEY_UISupportedInterfaceOrientations_iPhone = "UIInterfaceOrientationPortrait";
				MARKETING_VERSION = 0.1;
				PRODUCT_BUNDLE_IDENTIFIER = com.mathonauten.app;
				PRODUCT_NAME = "$(TARGET_NAME)";
				SUPPORTED_PLATFORMS = "iphoneos iphonesimulator";
				SUPPORTS_MACCATALYST = YES;
				SWIFT_EMIT_LOC_STRINGS = YES;
				SWIFT_VERSION = 5.0;
				TARGETED_DEVICE_FAMILY = "1,2";
			};
			name = Release;
		};
/* End XCBuildConfiguration section */

/* Begin XCConfigurationList section */
		AABCL000 /* Build configuration list for PBXProject "Mathonauten" */ = {
			isa = XCConfigurationList;
			buildConfigurations = (
				AABCFG001 /* Debug */,
				AABCFG002 /* Release */,
			);
			defaultConfigurationIsVisible = 0;
			defaultConfigurationName = Release;
		};
		AABCL001 /* Build configuration list for PBXNativeTarget "Mathonauten" */ = {
			isa = XCConfigurationList;
			buildConfigurations = (
				AABCFG003 /* Debug - Target */,
				AABCFG004 /* Release - Target */,
			);
			defaultConfigurationIsVisible = 0;
			defaultConfigurationName = Release;
		};
/* End XCConfigurationList section */

	};
	rootObject = AAPROJECT1 /* Project object */;
}
